
Microsoft Visual Studio Solution File, Format Version 12.00
# Visual Studio Version 17
VisualStudioVersion = 17.2.32616.157
MinimumVisualStudioVersion = 10.0.40219.1
Project("{9A19103F-16F7-4668-BE54-9A1E7A4F7556}") = "EFCoreRelation", "EFCoreRelation.csproj", "{08177C53-058C-43D8-AA7F-34A4BCE17F86}"
EndProject
Project("{FAE04EC0-301F-11D3-BF4B-00C04F79EFBC}") = "EFCoreAdvanceUsing", "..\EFCoreAdvanceUsing\EFCoreAdvanceUsing.csproj", "{C5679572-018B-4E17-A43C-0D8A142D4AAE}"
EndProject
Global
	GlobalSection(SolutionConfigurationPlatforms) = preSolution
		Debug|Any CPU = Debug|Any CPU
		Release|Any CPU = Release|Any CPU
	EndGlobalSection
	GlobalSection(ProjectConfigurationPlatforms) = postSolution
		{08177C53-058C-43D8-AA7F-34A4BCE17F86}.Debug|Any CPU.ActiveCfg = Debug|Any CPU
		{08177C53-058C-43D8-AA7F-34A4BCE17F86}.Debug|Any CPU.Build.0 = Debug|Any CPU
		{08177C53-058C-43D8-AA7F-34A4BCE17F86}.Release|Any CPU.ActiveCfg = Release|Any CPU
		{08177C53-058C-43D8-AA7F-34A4BCE17F86}.Release|Any CPU.Build.0 = Release|Any CPU
		{C5679572-018B-4E17-A43C-0D8A142D4AAE}.Debug|Any CPU.ActiveCfg = Debug|Any CPU
		{C5679572-018B-4E17-A43C-0D8A142D4AAE}.Debug|Any CPU.Build.0 = Debug|Any CPU
		{C5679572-018B-4E17-A43C-0D8A142D4AAE}.Release|Any CPU.ActiveCfg = Release|Any CPU
		{C5679572-018B-4E17-A43C-0D8A142D4AAE}.Release|Any CPU.Build.0 = Release|Any CPU
	EndGlobalSection
	GlobalSection(SolutionProperties) = preSolution
		HideSolutionNode = FALSE
	EndGlobalSection
	GlobalSection(ExtensibilityGlobals) = postSolution
		SolutionGuid = {1F21A553-0915-482B-8BD1-2BF889CABEAF}
	EndGlobalSection
EndGlobal
